
Microsoft Visual Studio Solution File, Format Version 12.00
# Visual Studio Version 17
VisualStudioVersion = 17.8.34330.188
MinimumVisualStudioVersion = 10.0.40219.1
Project("{FAE04EC0-301F-11D3-BF4B-00C04F79EFBC}") = "Presentation", "Presentation\Presentation.csproj", "{A3A92879-D5A9-461B-9029-1213D912496B}"
EndProject
Project("{FAE04EC0-301F-11D3-BF4B-00C04F79EFBC}") = "Core", "Core\Core.csproj", "{F32FB279-0FB6-4EFB-AFB4-318D80D40760}"
EndProject
Global
	GlobalSection(SolutionConfigurationPlatforms) = preSolution
		Debug|Any CPU = Debug|Any CPU
		Release|Any CPU = Release|Any CPU
	EndGlobalSection
	GlobalSection(ProjectConfigurationPlatforms) = postSolution
		{A3A92879-D5A9-461B-9029-1213D912496B}.Debug|Any CPU.ActiveCfg = Debug|Any CPU
		{A3A92879-D5A9-461B-9029-1213D912496B}.Debug|Any CPU.Build.0 = Debug|Any CPU
		{A3A92879-D5A9-461B-9029-1213D912496B}.Release|Any CPU.ActiveCfg = Release|Any CPU
		{A3A92879-D5A9-461B-9029-1213D912496B}.Release|Any CPU.Build.0 = Release|Any CPU
		{F32FB279-0FB6-4EFB-AFB4-318D80D40760}.Debug|Any CPU.ActiveCfg = Debug|Any CPU
		{F32FB279-0FB6-4EFB-AFB4-318D80D40760}.Debug|Any CPU.Build.0 = Debug|Any CPU
		{F32FB279-0FB6-4EFB-AFB4-318D80D40760}.Release|Any CPU.ActiveCfg = Release|Any CPU
		{F32FB279-0FB6-4EFB-AFB4-318D80D40760}.Release|Any CPU.Build.0 = Release|Any CPU
	EndGlobalSection
	GlobalSection(SolutionProperties) = preSolution
		HideSolutionNode = FALSE
	EndGlobalSection
	GlobalSection(ExtensibilityGlobals) = postSolution
		SolutionGuid = {9AB22E09-E280-4CBE-9DE2-A1B61B3159DB}
	EndGlobalSection
EndGlobal
